<Solution>
  <Project Path="../Minigames.Application/Minigames.Application.csproj" />
  <Project Path="../Minigames.Domain/Minigames.Domain.csproj" />
  <Project Path="../Minigames.Infrastructure/Minigames.Infrastructure.csproj" />
  <Project Path="../MinigamesHub.Persistence/MinigamesHub.Persistence.csproj" Id="2605d0df-aed5-44d2-ba73-6767f40277e9" />
  <Project Path="MinigamesHub.Api.csproj" />
</Solution>
